// !$*UTF8*$!
{
	archiveVersion = 1;
	classes = {
	};
	objectVersion = 46;
	objects = {

/* Begin PBXBuildFile section */
		96334EF61C8B84660083986B /* Assets.xcassets in Resources */ = {isa = PBXBuildFile; fileRef = 96334EF51C8B84660083986B /* Assets.xcassets */; };
		963832421B88DFD80015F710 /* Material.framework in Frameworks */ = {isa = PBXBuildFile; fileRef = 963832361B88DFD80015F710 /* Material.framework */; };
		96435DC71D15984F003CCE86 /* Space.swift in Sources */ = {isa = PBXBuildFile; fileRef = 96435DC61D15984F003CCE86 /* Space.swift */; };
		96435DC81D15984F003CCE86 /* Space.swift in Sources */ = {isa = PBXBuildFile; fileRef = 96435DC61D15984F003CCE86 /* Space.swift */; };
		96435DCA1D1598C9003CCE86 /* Depth.swift in Sources */ = {isa = PBXBuildFile; fileRef = 96435DC91D1598C9003CCE86 /* Depth.swift */; };
		96435DCB1D1598C9003CCE86 /* Depth.swift in Sources */ = {isa = PBXBuildFile; fileRef = 96435DC91D1598C9003CCE86 /* Depth.swift */; };
		96435DCD1D159952003CCE86 /* EdgeInsets.swift in Sources */ = {isa = PBXBuildFile; fileRef = 96435DCC1D159952003CCE86 /* EdgeInsets.swift */; };
		96435DCE1D159952003CCE86 /* EdgeInsets.swift in Sources */ = {isa = PBXBuildFile; fileRef = 96435DCC1D159952003CCE86 /* EdgeInsets.swift */; };
		9660161D1CB2ED6C00AAB661 /* Material.framework in Frameworks */ = {isa = PBXBuildFile; fileRef = 966016131CB2ED6C00AAB661 /* Material.framework */; };
		9660162A1CB2F04E00AAB661 /* Material.h in Headers */ = {isa = PBXBuildFile; fileRef = 96D88C091C1328D800B91418 /* Material.h */; settings = {ATTRIBUTES = (Public, ); }; };
		96815B381CA07BA20006CBE2 /* MaterialViewTests.swift in Sources */ = {isa = PBXBuildFile; fileRef = 967887881C9777CB0037F6C9 /* MaterialViewTests.swift */; };
		96BCB7AA1CB40DC500C806FE /* Grid.swift in Sources */ = {isa = PBXBuildFile; fileRef = 96BCB7611CB40DC500C806FE /* Grid.swift */; };
		96BCB7CA1CB40DC500C806FE /* Layout.swift in Sources */ = {isa = PBXBuildFile; fileRef = 96BCB7811CB40DC500C806FE /* Layout.swift */; };
		96BCB7F31CB40DE900C806FE /* Roboto-Bold.ttf in Resources */ = {isa = PBXBuildFile; fileRef = 96BCB7EE1CB40DE900C806FE /* Roboto-Bold.ttf */; };
		96BCB7F41CB40DE900C806FE /* Roboto-Bold.ttf in Resources */ = {isa = PBXBuildFile; fileRef = 96BCB7EE1CB40DE900C806FE /* Roboto-Bold.ttf */; };
		96BCB7F51CB40DE900C806FE /* Roboto-Light.ttf in Resources */ = {isa = PBXBuildFile; fileRef = 96BCB7EF1CB40DE900C806FE /* Roboto-Light.ttf */; };
		96BCB7F61CB40DE900C806FE /* Roboto-Light.ttf in Resources */ = {isa = PBXBuildFile; fileRef = 96BCB7EF1CB40DE900C806FE /* Roboto-Light.ttf */; };
		96BCB7F71CB40DE900C806FE /* Roboto-Medium.ttf in Resources */ = {isa = PBXBuildFile; fileRef = 96BCB7F01CB40DE900C806FE /* Roboto-Medium.ttf */; };
		96BCB7F81CB40DE900C806FE /* Roboto-Medium.ttf in Resources */ = {isa = PBXBuildFile; fileRef = 96BCB7F01CB40DE900C806FE /* Roboto-Medium.ttf */; };
		96BCB7F91CB40DE900C806FE /* Roboto-Regular.ttf in Resources */ = {isa = PBXBuildFile; fileRef = 96BCB7F11CB40DE900C806FE /* Roboto-Regular.ttf */; };
		96BCB7FA1CB40DE900C806FE /* Roboto-Regular.ttf in Resources */ = {isa = PBXBuildFile; fileRef = 96BCB7F11CB40DE900C806FE /* Roboto-Regular.ttf */; };
		96BCB7FB1CB40DE900C806FE /* Roboto-Thin.ttf in Resources */ = {isa = PBXBuildFile; fileRef = 96BCB7F21CB40DE900C806FE /* Roboto-Thin.ttf */; };
		96BCB7FC1CB40DE900C806FE /* Roboto-Thin.ttf in Resources */ = {isa = PBXBuildFile; fileRef = 96BCB7F21CB40DE900C806FE /* Roboto-Thin.ttf */; };
		96BCB7FE1CB40E1D00C806FE /* MaterialColor.swift in Sources */ = {isa = PBXBuildFile; fileRef = 96BCB7FD1CB40E1D00C806FE /* MaterialColor.swift */; };
		96BCB8361CB4115200C806FE /* Grid.swift in Headers */ = {isa = PBXBuildFile; fileRef = 96BCB7611CB40DC500C806FE /* Grid.swift */; settings = {ATTRIBUTES = (Public, ); }; };
		96BCB8371CB4115200C806FE /* Layout.swift in Headers */ = {isa = PBXBuildFile; fileRef = 96BCB7811CB40DC500C806FE /* Layout.swift */; settings = {ATTRIBUTES = (Public, ); }; };
		96BCB8581CB4116800C806FE /* MaterialColor.swift in Headers */ = {isa = PBXBuildFile; fileRef = 96BCB7FD1CB40E1D00C806FE /* MaterialColor.swift */; settings = {ATTRIBUTES = (Public, ); }; };
		96BCB8591CB4118E00C806FE /* Assets.xcassets in Resources */ = {isa = PBXBuildFile; fileRef = 96334EF51C8B84660083986B /* Assets.xcassets */; };
		96D88C321C1328D800B91418 /* Material.h in Headers */ = {isa = PBXBuildFile; fileRef = 96D88C091C1328D800B91418 /* Material.h */; settings = {ATTRIBUTES = (Public, ); }; };
/* End PBXBuildFile section */

/* Begin PBXContainerItemProxy section */
		963832431B88DFD80015F710 /* PBXContainerItemProxy */ = {
			isa = PBXContainerItemProxy;
			containerPortal = 9638322D1B88DFD80015F710 /* Project object */;
			proxyType = 1;
			remoteGlobalIDString = 963832351B88DFD80015F710;
			remoteInfo = FocusKit;
		};
		9660161E1CB2ED6C00AAB661 /* PBXContainerItemProxy */ = {
			isa = PBXContainerItemProxy;
			containerPortal = 9638322D1B88DFD80015F710 /* Project object */;
			proxyType = 1;
			remoteGlobalIDString = 966016121CB2ED6C00AAB661;
			remoteInfo = "Material OSX";
		};
/* End PBXContainerItemProxy section */

/* Begin PBXFileReference section */
		96334EF51C8B84660083986B /* Assets.xcassets */ = {isa = PBXFileReference; lastKnownFileType = folder.assetcatalog; path = Assets.xcassets; sourceTree = "<group>"; };
		963832361B88DFD80015F710 /* Material.framework */ = {isa = PBXFileReference; explicitFileType = wrapper.framework; includeInIndex = 0; path = Material.framework; sourceTree = BUILT_PRODUCTS_DIR; };
		963832411B88DFD80015F710 /* Material.xctest */ = {isa = PBXFileReference; explicitFileType = wrapper.cfbundle; includeInIndex = 0; path = Material.xctest; sourceTree = BUILT_PRODUCTS_DIR; };
		963832591B88E31A0015F710 /* Info.plist */ = {isa = PBXFileReference; fileEncoding = 4; lastKnownFileType = text.plist.xml; path = Info.plist; sourceTree = "<group>"; };
		96435DC61D15984F003CCE86 /* Space.swift */ = {isa = PBXFileReference; fileEncoding = 4; lastKnownFileType = sourcecode.swift; path = Space.swift; sourceTree = "<group>"; };
		96435DC91D1598C9003CCE86 /* Depth.swift */ = {isa = PBXFileReference; fileEncoding = 4; lastKnownFileType = sourcecode.swift; path = Depth.swift; sourceTree = "<group>"; };
		96435DCC1D159952003CCE86 /* EdgeInsets.swift */ = {isa = PBXFileReference; fileEncoding = 4; lastKnownFileType = sourcecode.swift; path = EdgeInsets.swift; sourceTree = "<group>"; };
		966016131CB2ED6C00AAB661 /* Material.framework */ = {isa = PBXFileReference; explicitFileType = wrapper.framework; includeInIndex = 0; path = Material.framework; sourceTree = BUILT_PRODUCTS_DIR; };
		9660161C1CB2ED6C00AAB661 /* Material OSX Tests.xctest */ = {isa = PBXFileReference; explicitFileType = wrapper.cfbundle; includeInIndex = 0; path = "Material OSX Tests.xctest"; sourceTree = BUILT_PRODUCTS_DIR; };
		967887881C9777CB0037F6C9 /* MaterialViewTests.swift */ = {isa = PBXFileReference; fileEncoding = 4; lastKnownFileType = sourcecode.swift; path = MaterialViewTests.swift; sourceTree = "<group>"; };
		96BCB7611CB40DC500C806FE /* Grid.swift */ = {isa = PBXFileReference; fileEncoding = 4; lastKnownFileType = sourcecode.swift; path = Grid.swift; sourceTree = "<group>"; };
		96BCB7811CB40DC500C806FE /* Layout.swift */ = {isa = PBXFileReference; fileEncoding = 4; lastKnownFileType = sourcecode.swift; path = Layout.swift; sourceTree = "<group>"; };
		96BCB7EE1CB40DE900C806FE /* Roboto-Bold.ttf */ = {isa = PBXFileReference; lastKnownFileType = file; path = "Roboto-Bold.ttf"; sourceTree = "<group>"; };
		96BCB7EF1CB40DE900C806FE /* Roboto-Light.ttf */ = {isa = PBXFileReference; lastKnownFileType = file; path = "Roboto-Light.ttf"; sourceTree = "<group>"; };
		96BCB7F01CB40DE900C806FE /* Roboto-Medium.ttf */ = {isa = PBXFileReference; lastKnownFileType = file; path = "Roboto-Medium.ttf"; sourceTree = "<group>"; };
		96BCB7F11CB40DE900C806FE /* Roboto-Regular.ttf */ = {isa = PBXFileReference; lastKnownFileType = file; path = "Roboto-Regular.ttf"; sourceTree = "<group>"; };
		96BCB7F21CB40DE900C806FE /* Roboto-Thin.ttf */ = {isa = PBXFileReference; lastKnownFileType = file; path = "Roboto-Thin.ttf"; sourceTree = "<group>"; };
		96BCB7FD1CB40E1D00C806FE /* MaterialColor.swift */ = {isa = PBXFileReference; fileEncoding = 4; lastKnownFileType = sourcecode.swift; path = MaterialColor.swift; sourceTree = "<group>"; };
		96D88BFC1C1328D800B91418 /* Info.plist */ = {isa = PBXFileReference; fileEncoding = 4; lastKnownFileType = text.plist.xml; path = Info.plist; sourceTree = "<group>"; };
		96D88BFD1C1328D800B91418 /* LICENSE */ = {isa = PBXFileReference; fileEncoding = 4; lastKnownFileType = text; path = LICENSE; sourceTree = "<group>"; };
		96D88C091C1328D800B91418 /* Material.h */ = {isa = PBXFileReference; fileEncoding = 4; lastKnownFileType = sourcecode.c.h; path = Material.h; sourceTree = "<group>"; };
/* End PBXFileReference section */

/* Begin PBXFrameworksBuildPhase section */
		963832321B88DFD80015F710 /* Frameworks */ = {
			isa = PBXFrameworksBuildPhase;
			buildActionMask = 2147483647;
			files = (
			);
			runOnlyForDeploymentPostprocessing = 0;
		};
		9638323E1B88DFD80015F710 /* Frameworks */ = {
			isa = PBXFrameworksBuildPhase;
			buildActionMask = 2147483647;
			files = (
				963832421B88DFD80015F710 /* Material.framework in Frameworks */,
			);
			runOnlyForDeploymentPostprocessing = 0;
		};
		9660160F1CB2ED6C00AAB661 /* Frameworks */ = {
			isa = PBXFrameworksBuildPhase;
			buildActionMask = 2147483647;
			files = (
			);
			runOnlyForDeploymentPostprocessing = 0;
		};
		966016191CB2ED6C00AAB661 /* Frameworks */ = {
			isa = PBXFrameworksBuildPhase;
			buildActionMask = 2147483647;
			files = (
				9660161D1CB2ED6C00AAB661 /* Material.framework in Frameworks */,
			);
			runOnlyForDeploymentPostprocessing = 0;
		};
/* End PBXFrameworksBuildPhase section */

/* Begin PBXGroup section */
		9638322C1B88DFD80015F710 = {
			isa = PBXGroup;
			children = (
				96D88BF41C1328D800B91418 /* Sources */,
				963832571B88E31A0015F710 /* Tests */,
				963832371B88DFD80015F710 /* Products */,
			);
			sourceTree = "<group>";
		};
		963832371B88DFD80015F710 /* Products */ = {
			isa = PBXGroup;
			children = (
				963832361B88DFD80015F710 /* Material.framework */,
				963832411B88DFD80015F710 /* Material.xctest */,
				966016131CB2ED6C00AAB661 /* Material.framework */,
				9660161C1CB2ED6C00AAB661 /* Material OSX Tests.xctest */,
			);
			name = Products;
			sourceTree = "<group>";
		};
		963832571B88E31A0015F710 /* Tests */ = {
			isa = PBXGroup;
			children = (
				963832591B88E31A0015F710 /* Info.plist */,
				967887881C9777CB0037F6C9 /* MaterialViewTests.swift */,
			);
			path = Tests;
			sourceTree = "<group>";
		};
		96BCB7571CB40DC500C806FE /* iOS */ = {
			isa = PBXGroup;
			children = (
				96BCB7811CB40DC500C806FE /* Layout.swift */,
				96BCB7611CB40DC500C806FE /* Grid.swift */,
				96435DC91D1598C9003CCE86 /* Depth.swift */,
				96435DC61D15984F003CCE86 /* Space.swift */,
				96435DCC1D159952003CCE86 /* EdgeInsets.swift */,
			);
			path = iOS;
			sourceTree = "<group>";
		};
		96BCB7EB1CB40DDC00C806FE /* OSX */ = {
			isa = PBXGroup;
			children = (
				96BCB80F1CB4111F00C806FE /* Color */,
			);
			path = OSX;
			sourceTree = "<group>";
		};
		96BCB7EC1CB40DE900C806FE /* Font */ = {
			isa = PBXGroup;
			children = (
				96BCB7ED1CB40DE900C806FE /* Roboto */,
			);
			path = Font;
			sourceTree = "<group>";
		};
		96BCB7ED1CB40DE900C806FE /* Roboto */ = {
			isa = PBXGroup;
			children = (
				96BCB7EE1CB40DE900C806FE /* Roboto-Bold.ttf */,
				96BCB7EF1CB40DE900C806FE /* Roboto-Light.ttf */,
				96BCB7F01CB40DE900C806FE /* Roboto-Medium.ttf */,
				96BCB7F11CB40DE900C806FE /* Roboto-Regular.ttf */,
				96BCB7F21CB40DE900C806FE /* Roboto-Thin.ttf */,
			);
			path = Roboto;
			sourceTree = "<group>";
		};
		96BCB80F1CB4111F00C806FE /* Color */ = {
			isa = PBXGroup;
			children = (
				96BCB7FD1CB40E1D00C806FE /* MaterialColor.swift */,
			);
			name = Color;
			sourceTree = "<group>";
		};
		96D88BF41C1328D800B91418 /* Sources */ = {
			isa = PBXGroup;
			children = (
				96D88BFD1C1328D800B91418 /* LICENSE */,
				96D88BFC1C1328D800B91418 /* Info.plist */,
				96D88C091C1328D800B91418 /* Material.h */,
				96334EF51C8B84660083986B /* Assets.xcassets */,
				96BCB7EC1CB40DE900C806FE /* Font */,
				96BCB7571CB40DC500C806FE /* iOS */,
				96BCB7EB1CB40DDC00C806FE /* OSX */,
			);
			path = Sources;
			sourceTree = "<group>";
		};
/* End PBXGroup section */

/* Begin PBXHeadersBuildPhase section */
		963832331B88DFD80015F710 /* Headers */ = {
			isa = PBXHeadersBuildPhase;
			buildActionMask = 2147483647;
			files = (
				96D88C321C1328D800B91418 /* Material.h in Headers */,
				96BCB8361CB4115200C806FE /* Grid.swift in Headers */,
				96BCB8371CB4115200C806FE /* Layout.swift in Headers */,
			);
			runOnlyForDeploymentPostprocessing = 0;
		};
		966016101CB2ED6C00AAB661 /* Headers */ = {
			isa = PBXHeadersBuildPhase;
			buildActionMask = 2147483647;
			files = (
				9660162A1CB2F04E00AAB661 /* Material.h in Headers */,
				96BCB8581CB4116800C806FE /* MaterialColor.swift in Headers */,
			);
			runOnlyForDeploymentPostprocessing = 0;
		};
/* End PBXHeadersBuildPhase section */

/* Begin PBXNativeTarget section */
		963832351B88DFD80015F710 /* Material iOS */ = {
			isa = PBXNativeTarget;
			buildConfigurationList = 9638324C1B88DFD80015F710 /* Build configuration list for PBXNativeTarget "Material iOS" */;
			buildPhases = (
				963832311B88DFD80015F710 /* Sources */,
				963832321B88DFD80015F710 /* Frameworks */,
				963832331B88DFD80015F710 /* Headers */,
				963832341B88DFD80015F710 /* Resources */,
			);
			buildRules = (
			);
			dependencies = (
			);
			name = "Material iOS";
			productName = FocusKit;
			productReference = 963832361B88DFD80015F710 /* Material.framework */;
			productType = "com.apple.product-type.framework";
		};
		963832401B88DFD80015F710 /* Material iOS Tests */ = {
			isa = PBXNativeTarget;
			buildConfigurationList = 9638324F1B88DFD80015F710 /* Build configuration list for PBXNativeTarget "Material iOS Tests" */;
			buildPhases = (
				9638323D1B88DFD80015F710 /* Sources */,
				9638323E1B88DFD80015F710 /* Frameworks */,
				9638323F1B88DFD80015F710 /* Resources */,
			);
			buildRules = (
			);
			dependencies = (
				963832441B88DFD80015F710 /* PBXTargetDependency */,
			);
			name = "Material iOS Tests";
			productName = FocusKitTests;
			productReference = 963832411B88DFD80015F710 /* Material.xctest */;
			productType = "com.apple.product-type.bundle.unit-test";
		};
		966016121CB2ED6C00AAB661 /* Material OSX */ = {
			isa = PBXNativeTarget;
			buildConfigurationList = 966016241CB2ED6C00AAB661 /* Build configuration list for PBXNativeTarget "Material OSX" */;
			buildPhases = (
				9660160E1CB2ED6C00AAB661 /* Sources */,
				9660160F1CB2ED6C00AAB661 /* Frameworks */,
				966016101CB2ED6C00AAB661 /* Headers */,
				966016111CB2ED6C00AAB661 /* Resources */,
			);
			buildRules = (
			);
			dependencies = (
			);
			name = "Material OSX";
			productName = "Material OSX";
			productReference = 966016131CB2ED6C00AAB661 /* Material.framework */;
			productType = "com.apple.product-type.framework";
		};
		9660161B1CB2ED6C00AAB661 /* Material OSX Tests */ = {
			isa = PBXNativeTarget;
			buildConfigurationList = 966016271CB2ED6C00AAB661 /* Build configuration list for PBXNativeTarget "Material OSX Tests" */;
			buildPhases = (
				966016181CB2ED6C00AAB661 /* Sources */,
				966016191CB2ED6C00AAB661 /* Frameworks */,
				9660161A1CB2ED6C00AAB661 /* Resources */,
			);
			buildRules = (
			);
			dependencies = (
				9660161F1CB2ED6C00AAB661 /* PBXTargetDependency */,
			);
			name = "Material OSX Tests";
			productName = "Material OSXTests";
			productReference = 9660161C1CB2ED6C00AAB661 /* Material OSX Tests.xctest */;
			productType = "com.apple.product-type.bundle.unit-test";
		};
/* End PBXNativeTarget section */

/* Begin PBXProject section */
		9638322D1B88DFD80015F710 /* Project object */ = {
			isa = PBXProject;
			attributes = {
				LastSwiftMigration = 0710;
				LastSwiftUpdateCheck = 0730;
				LastUpgradeCheck = 0800;
				ORGANIZATIONNAME = "CosmicMind, Inc.";
				TargetAttributes = {
					963832351B88DFD80015F710 = {
						CreatedOnToolsVersion = 6.4;
						DevelopmentTeam = 9Z76XCNLGL;
						DevelopmentTeamName = "CosmicMind Inc.";
						LastSwiftMigration = 0800;
					};
					963832401B88DFD80015F710 = {
						CreatedOnToolsVersion = 6.4;
						LastSwiftMigration = 0800;
					};
					966016121CB2ED6C00AAB661 = {
						CreatedOnToolsVersion = 7.3;
					};
					9660161B1CB2ED6C00AAB661 = {
						CreatedOnToolsVersion = 7.3;
					};
				};
			};
			buildConfigurationList = 963832301B88DFD80015F710 /* Build configuration list for PBXProject "Material" */;
			compatibilityVersion = "Xcode 3.2";
			developmentRegion = English;
			hasScannedForEncodings = 0;
			knownRegions = (
				en,
			);
			mainGroup = 9638322C1B88DFD80015F710;
			productRefGroup = 963832371B88DFD80015F710 /* Products */;
			projectDirPath = "";
			projectRoot = "";
			targets = (
				963832351B88DFD80015F710 /* Material iOS */,
				966016121CB2ED6C00AAB661 /* Material OSX */,
				963832401B88DFD80015F710 /* Material iOS Tests */,
				9660161B1CB2ED6C00AAB661 /* Material OSX Tests */,
			);
		};
/* End PBXProject section */

/* Begin PBXResourcesBuildPhase section */
		963832341B88DFD80015F710 /* Resources */ = {
			isa = PBXResourcesBuildPhase;
			buildActionMask = 2147483647;
			files = (
				96334EF61C8B84660083986B /* Assets.xcassets in Resources */,
				96BCB7F71CB40DE900C806FE /* Roboto-Medium.ttf in Resources */,
				96BCB7F31CB40DE900C806FE /* Roboto-Bold.ttf in Resources */,
				96BCB7FB1CB40DE900C806FE /* Roboto-Thin.ttf in Resources */,
				96BCB7F91CB40DE900C806FE /* Roboto-Regular.ttf in Resources */,
				96BCB7F51CB40DE900C806FE /* Roboto-Light.ttf in Resources */,
			);
			runOnlyForDeploymentPostprocessing = 0;
		};
		9638323F1B88DFD80015F710 /* Resources */ = {
			isa = PBXResourcesBuildPhase;
			buildActionMask = 2147483647;
			files = (
			);
			runOnlyForDeploymentPostprocessing = 0;
		};
		966016111CB2ED6C00AAB661 /* Resources */ = {
			isa = PBXResourcesBuildPhase;
			buildActionMask = 2147483647;
			files = (
				96BCB8591CB4118E00C806FE /* Assets.xcassets in Resources */,
				96BCB7F61CB40DE900C806FE /* Roboto-Light.ttf in Resources */,
				96BCB7F41CB40DE900C806FE /* Roboto-Bold.ttf in Resources */,
				96BCB7FA1CB40DE900C806FE /* Roboto-Regular.ttf in Resources */,
				96BCB7FC1CB40DE900C806FE /* Roboto-Thin.ttf in Resources */,
				96BCB7F81CB40DE900C806FE /* Roboto-Medium.ttf in Resources */,
			);
			runOnlyForDeploymentPostprocessing = 0;
		};
		9660161A1CB2ED6C00AAB661 /* Resources */ = {
			isa = PBXResourcesBuildPhase;
			buildActionMask = 2147483647;
			files = (
			);
			runOnlyForDeploymentPostprocessing = 0;
		};
/* End PBXResourcesBuildPhase section */

/* Begin PBXSourcesBuildPhase section */
		963832311B88DFD80015F710 /* Sources */ = {
			isa = PBXSourcesBuildPhase;
			buildActionMask = 2147483647;
			files = (
				96BCB7CA1CB40DC500C806FE /* Layout.swift in Sources */,
				96BCB7AA1CB40DC500C806FE /* Grid.swift in Sources */,
				96435DCD1D159952003CCE86 /* EdgeInsets.swift in Sources */,
				96435DC71D15984F003CCE86 /* Space.swift in Sources */,
				96435DCA1D1598C9003CCE86 /* Depth.swift in Sources */,
			);
			runOnlyForDeploymentPostprocessing = 0;
		};
		9638323D1B88DFD80015F710 /* Sources */ = {
			isa = PBXSourcesBuildPhase;
			buildActionMask = 2147483647;
			files = (
				96815B381CA07BA20006CBE2 /* MaterialViewTests.swift in Sources */,
			);
			runOnlyForDeploymentPostprocessing = 0;
		};
		9660160E1CB2ED6C00AAB661 /* Sources */ = {
			isa = PBXSourcesBuildPhase;
			buildActionMask = 2147483647;
			files = (
				96435DC81D15984F003CCE86 /* Space.swift in Sources */,
				96BCB7FE1CB40E1D00C806FE /* MaterialColor.swift in Sources */,
				96435DCE1D159952003CCE86 /* EdgeInsets.swift in Sources */,
				96435DCB1D1598C9003CCE86 /* Depth.swift in Sources */,
			);
			runOnlyForDeploymentPostprocessing = 0;
		};
		966016181CB2ED6C00AAB661 /* Sources */ = {
			isa = PBXSourcesBuildPhase;
			buildActionMask = 2147483647;
			files = (
			);
			runOnlyForDeploymentPostprocessing = 0;
		};
/* End PBXSourcesBuildPhase section */

/* Begin PBXTargetDependency section */
		963832441B88DFD80015F710 /* PBXTargetDependency */ = {
			isa = PBXTargetDependency;
			target = 963832351B88DFD80015F710 /* Material iOS */;
			targetProxy = 963832431B88DFD80015F710 /* PBXContainerItemProxy */;
		};
		9660161F1CB2ED6C00AAB661 /* PBXTargetDependency */ = {
			isa = PBXTargetDependency;
			target = 966016121CB2ED6C00AAB661 /* Material OSX */;
			targetProxy = 9660161E1CB2ED6C00AAB661 /* PBXContainerItemProxy */;
		};
/* End PBXTargetDependency section */

/* Begin XCBuildConfiguration section */
		9638324A1B88DFD80015F710 /* Debug */ = {
			isa = XCBuildConfiguration;
			buildSettings = {
				ALWAYS_SEARCH_USER_PATHS = NO;
				CLANG_CXX_LANGUAGE_STANDARD = "gnu++0x";
				CLANG_CXX_LIBRARY = "libc++";
				CLANG_ENABLE_MODULES = YES;
				CLANG_ENABLE_OBJC_ARC = YES;
				CLANG_WARN_BOOL_CONVERSION = YES;
				CLANG_WARN_CONSTANT_CONVERSION = YES;
				CLANG_WARN_DIRECT_OBJC_ISA_USAGE = YES_ERROR;
				CLANG_WARN_EMPTY_BODY = YES;
				CLANG_WARN_ENUM_CONVERSION = YES;
				CLANG_WARN_INT_CONVERSION = YES;
				CLANG_WARN_OBJC_ROOT_CLASS = YES_ERROR;
				CLANG_WARN_UNREACHABLE_CODE = YES;
				CLANG_WARN__DUPLICATE_METHOD_MATCH = YES;
				"CODE_SIGN_IDENTITY[sdk=iphoneos*]" = "iPhone Developer";
				COPY_PHASE_STRIP = NO;
				CURRENT_PROJECT_VERSION = 1;
				DEBUG_INFORMATION_FORMAT = "dwarf-with-dsym";
				ENABLE_STRICT_OBJC_MSGSEND = YES;
				ENABLE_TESTABILITY = YES;
				GCC_C_LANGUAGE_STANDARD = gnu99;
				GCC_DYNAMIC_NO_PIC = NO;
				GCC_NO_COMMON_BLOCKS = YES;
				GCC_OPTIMIZATION_LEVEL = 0;
				GCC_PREPROCESSOR_DEFINITIONS = (
					"DEBUG=1",
					"$(inherited)",
				);
				GCC_SYMBOLS_PRIVATE_EXTERN = NO;
				GCC_WARN_64_TO_32_BIT_CONVERSION = YES;
				GCC_WARN_ABOUT_RETURN_TYPE = YES_ERROR;
				GCC_WARN_UNDECLARED_SELECTOR = YES;
				GCC_WARN_UNINITIALIZED_AUTOS = YES_AGGRESSIVE;
				GCC_WARN_UNUSED_FUNCTION = YES;
				GCC_WARN_UNUSED_VARIABLE = YES;
				IPHONEOS_DEPLOYMENT_TARGET = 8.0;
				MACOSX_DEPLOYMENT_TARGET = 10.9;
				MTL_ENABLE_DEBUG_INFO = YES;
				ONLY_ACTIVE_ARCH = YES;
				PRODUCT_NAME = Material;
				SDKROOT = iphoneos;
				SWIFT_OPTIMIZATION_LEVEL = "-Onone";
				TARGETED_DEVICE_FAMILY = "1,2";
				VERSIONING_SYSTEM = "apple-generic";
				VERSION_INFO_PREFIX = "";
			};
			name = Debug;
		};
		9638324B1B88DFD80015F710 /* Release */ = {
			isa = XCBuildConfiguration;
			buildSettings = {
				ALWAYS_SEARCH_USER_PATHS = NO;
				CLANG_CXX_LANGUAGE_STANDARD = "gnu++0x";
				CLANG_CXX_LIBRARY = "libc++";
				CLANG_ENABLE_MODULES = YES;
				CLANG_ENABLE_OBJC_ARC = YES;
				CLANG_WARN_BOOL_CONVERSION = YES;
				CLANG_WARN_CONSTANT_CONVERSION = YES;
				CLANG_WARN_DIRECT_OBJC_ISA_USAGE = YES_ERROR;
				CLANG_WARN_EMPTY_BODY = YES;
				CLANG_WARN_ENUM_CONVERSION = YES;
				CLANG_WARN_INT_CONVERSION = YES;
				CLANG_WARN_OBJC_ROOT_CLASS = YES_ERROR;
				CLANG_WARN_UNREACHABLE_CODE = YES;
				CLANG_WARN__DUPLICATE_METHOD_MATCH = YES;
				"CODE_SIGN_IDENTITY[sdk=iphoneos*]" = "iPhone Developer";
				COPY_PHASE_STRIP = NO;
				CURRENT_PROJECT_VERSION = 1;
				DEBUG_INFORMATION_FORMAT = "dwarf-with-dsym";
				ENABLE_NS_ASSERTIONS = NO;
				ENABLE_STRICT_OBJC_MSGSEND = YES;
				GCC_C_LANGUAGE_STANDARD = gnu99;
				GCC_NO_COMMON_BLOCKS = YES;
				GCC_WARN_64_TO_32_BIT_CONVERSION = YES;
				GCC_WARN_ABOUT_RETURN_TYPE = YES_ERROR;
				GCC_WARN_UNDECLARED_SELECTOR = YES;
				GCC_WARN_UNINITIALIZED_AUTOS = YES_AGGRESSIVE;
				GCC_WARN_UNUSED_FUNCTION = YES;
				GCC_WARN_UNUSED_VARIABLE = YES;
				IPHONEOS_DEPLOYMENT_TARGET = 8.0;
				MACOSX_DEPLOYMENT_TARGET = 10.9;
				MTL_ENABLE_DEBUG_INFO = NO;
				PRODUCT_NAME = Material;
				SDKROOT = iphoneos;
				TARGETED_DEVICE_FAMILY = "1,2";
				VALIDATE_PRODUCT = YES;
				VERSIONING_SYSTEM = "apple-generic";
				VERSION_INFO_PREFIX = "";
			};
			name = Release;
		};
		9638324D1B88DFD80015F710 /* Debug */ = {
			isa = XCBuildConfiguration;
			buildSettings = {
				CLANG_ENABLE_MODULES = YES;
				CODE_SIGN_IDENTITY = "iPhone Developer";
				"CODE_SIGN_IDENTITY[sdk=iphoneos*]" = "iPhone Developer";
				DEFINES_MODULE = YES;
				DYLIB_COMPATIBILITY_VERSION = 1;
				DYLIB_CURRENT_VERSION = 1;
				DYLIB_INSTALL_NAME_BASE = "@rpath";
				FRAMEWORK_SEARCH_PATHS = "";
				INFOPLIST_FILE = Sources/Info.plist;
				INSTALL_PATH = "$(LOCAL_LIBRARY_DIR)/Frameworks";
				LD_RUNPATH_SEARCH_PATHS = "$(inherited) @executable_path/Frameworks @loader_path/Frameworks";
				PRODUCT_BUNDLE_IDENTIFIER = io.cosmicmind.Material;
				PRODUCT_NAME = Material;
				PROVISIONING_PROFILE = "";
				SKIP_INSTALL = YES;
				SWIFT_OPTIMIZATION_LEVEL = "-Onone";
				SWIFT_VERSION = 3.0;
			};
			name = Debug;
		};
		9638324E1B88DFD80015F710 /* Release */ = {
			isa = XCBuildConfiguration;
			buildSettings = {
				CLANG_ENABLE_MODULES = YES;
				CODE_SIGN_IDENTITY = "iPhone Developer";
				"CODE_SIGN_IDENTITY[sdk=iphoneos*]" = "iPhone Developer";
				DEFINES_MODULE = YES;
				DYLIB_COMPATIBILITY_VERSION = 1;
				DYLIB_CURRENT_VERSION = 1;
				DYLIB_INSTALL_NAME_BASE = "@rpath";
				FRAMEWORK_SEARCH_PATHS = "";
				INFOPLIST_FILE = Sources/Info.plist;
				INSTALL_PATH = "$(LOCAL_LIBRARY_DIR)/Frameworks";
				LD_RUNPATH_SEARCH_PATHS = "$(inherited) @executable_path/Frameworks @loader_path/Frameworks";
				PRODUCT_BUNDLE_IDENTIFIER = io.cosmicmind.Material;
				PRODUCT_NAME = Material;
				PROVISIONING_PROFILE = "";
				SKIP_INSTALL = YES;
				SWIFT_OPTIMIZATION_LEVEL = "-Owholemodule";
				SWIFT_VERSION = 3.0;
			};
			name = Release;
		};
		963832501B88DFD80015F710 /* Debug */ = {
			isa = XCBuildConfiguration;
			buildSettings = {
				CLANG_ENABLE_MODULES = YES;
				FRAMEWORK_SEARCH_PATHS = (
					"$(SDKROOT)/Developer/Library/Frameworks",
					"$(inherited)",
				);
				GCC_PREPROCESSOR_DEFINITIONS = (
					"DEBUG=1",
					"$(inherited)",
				);
				INFOPLIST_FILE = Tests/Info.plist;
				LD_RUNPATH_SEARCH_PATHS = "$(inherited) @executable_path/Frameworks @loader_path/Frameworks";
				PRODUCT_BUNDLE_IDENTIFIER = "io.cosmicmind.Material-iOS-Tests";
				PRODUCT_NAME = Material;
				SWIFT_OPTIMIZATION_LEVEL = "-Onone";
				SWIFT_VERSION = 3.0;
			};
			name = Debug;
		};
		963832511B88DFD80015F710 /* Release */ = {
			isa = XCBuildConfiguration;
			buildSettings = {
				CLANG_ENABLE_MODULES = YES;
				FRAMEWORK_SEARCH_PATHS = (
					"$(SDKROOT)/Developer/Library/Frameworks",
					"$(inherited)",
				);
				INFOPLIST_FILE = Tests/Info.plist;
				LD_RUNPATH_SEARCH_PATHS = "$(inherited) @executable_path/Frameworks @loader_path/Frameworks";
				PRODUCT_BUNDLE_IDENTIFIER = "io.cosmicmind.Material-iOS-Tests";
				PRODUCT_NAME = Material;
				SWIFT_OPTIMIZATION_LEVEL = "-Owholemodule";
				SWIFT_VERSION = 3.0;
			};
			name = Release;
		};
		966016251CB2ED6C00AAB661 /* Debug */ = {
			isa = XCBuildConfiguration;
			buildSettings = {
				CLANG_ANALYZER_NONNULL = YES;
				CLANG_ENABLE_MODULES = YES;
				CODE_SIGN_IDENTITY = "-";
				COMBINE_HIDPI_IMAGES = YES;
				DEBUG_INFORMATION_FORMAT = dwarf;
				DEFINES_MODULE = YES;
				DYLIB_COMPATIBILITY_VERSION = 1;
				DYLIB_CURRENT_VERSION = 1;
				DYLIB_INSTALL_NAME_BASE = "@rpath";
				FRAMEWORK_VERSION = A;
				INFOPLIST_FILE = Sources/Info.plist;
				INSTALL_PATH = "$(LOCAL_LIBRARY_DIR)/Frameworks";
				LD_RUNPATH_SEARCH_PATHS = "$(inherited) @executable_path/../Frameworks @loader_path/Frameworks";
				PRODUCT_BUNDLE_IDENTIFIER = io.cosmicmind.Material;
				PRODUCT_NAME = Material;
				SDKROOT = macosx;
				SKIP_INSTALL = YES;
				SWIFT_OPTIMIZATION_LEVEL = "-Onone";
			};
			name = Debug;
		};
		966016261CB2ED6C00AAB661 /* Release */ = {
			isa = XCBuildConfiguration;
			buildSettings = {
				CLANG_ANALYZER_NONNULL = YES;
				CLANG_ENABLE_MODULES = YES;
				CODE_SIGN_IDENTITY = "-";
				COMBINE_HIDPI_IMAGES = YES;
				DEFINES_MODULE = YES;
				DYLIB_COMPATIBILITY_VERSION = 1;
				DYLIB_CURRENT_VERSION = 1;
				DYLIB_INSTALL_NAME_BASE = "@rpath";
				FRAMEWORK_VERSION = A;
				INFOPLIST_FILE = Sources/Info.plist;
				INSTALL_PATH = "$(LOCAL_LIBRARY_DIR)/Frameworks";
				LD_RUNPATH_SEARCH_PATHS = "$(inherited) @executable_path/../Frameworks @loader_path/Frameworks";
				PRODUCT_BUNDLE_IDENTIFIER = io.cosmicmind.Material;
				PRODUCT_NAME = Material;
				SDKROOT = macosx;
				SKIP_INSTALL = YES;
				SWIFT_OPTIMIZATION_LEVEL = "-Owholemodule";
			};
			name = Release;
		};
		966016281CB2ED6C00AAB661 /* Debug */ = {
			isa = XCBuildConfiguration;
			buildSettings = {
				CLANG_ANALYZER_NONNULL = YES;
				CODE_SIGN_IDENTITY = "-";
				COMBINE_HIDPI_IMAGES = YES;
				DEBUG_INFORMATION_FORMAT = dwarf;
				INFOPLIST_FILE = Tests/Info.plist;
				LD_RUNPATH_SEARCH_PATHS = "$(inherited) @executable_path/../Frameworks @loader_path/../Frameworks";
				MACOSX_DEPLOYMENT_TARGET = 10.11;
				PRODUCT_BUNDLE_IDENTIFIER = "io.cosmicmind.Material-OSX-Tests";
				PRODUCT_NAME = "$(TARGET_NAME)";
				SDKROOT = macosx;
			};
			name = Debug;
		};
		966016291CB2ED6C00AAB661 /* Release */ = {
			isa = XCBuildConfiguration;
			buildSettings = {
				CLANG_ANALYZER_NONNULL = YES;
				CODE_SIGN_IDENTITY = "-";
				COMBINE_HIDPI_IMAGES = YES;
				INFOPLIST_FILE = Tests/Info.plist;
				LD_RUNPATH_SEARCH_PATHS = "$(inherited) @executable_path/../Frameworks @loader_path/../Frameworks";
				MACOSX_DEPLOYMENT_TARGET = 10.11;
				PRODUCT_BUNDLE_IDENTIFIER = "io.cosmicmind.Material-OSX-Tests";
				PRODUCT_NAME = "$(TARGET_NAME)";
				SDKROOT = macosx;
			};
			name = Release;
		};
/* End XCBuildConfiguration section */

/* Begin XCConfigurationList section */
		963832301B88DFD80015F710 /* Build configuration list for PBXProject "Material" */ = {
			isa = XCConfigurationList;
			buildConfigurations = (
				9638324A1B88DFD80015F710 /* Debug */,
				9638324B1B88DFD80015F710 /* Release */,
			);
			defaultConfigurationIsVisible = 0;
			defaultConfigurationName = Release;
		};
		9638324C1B88DFD80015F710 /* Build configuration list for PBXNativeTarget "Material iOS" */ = {
			isa = XCConfigurationList;
			buildConfigurations = (
				9638324D1B88DFD80015F710 /* Debug */,
				9638324E1B88DFD80015F710 /* Release */,
			);
			defaultConfigurationIsVisible = 0;
			defaultConfigurationName = Release;
		};
		9638324F1B88DFD80015F710 /* Build configuration list for PBXNativeTarget "Material iOS Tests" */ = {
			isa = XCConfigurationList;
			buildConfigurations = (
				963832501B88DFD80015F710 /* Debug */,
				963832511B88DFD80015F710 /* Release */,
			);
			defaultConfigurationIsVisible = 0;
			defaultConfigurationName = Release;
		};
		966016241CB2ED6C00AAB661 /* Build configuration list for PBXNativeTarget "Material OSX" */ = {
			isa = XCConfigurationList;
			buildConfigurations = (
				966016251CB2ED6C00AAB661 /* Debug */,
				966016261CB2ED6C00AAB661 /* Release */,
			);
			defaultConfigurationIsVisible = 0;
			defaultConfigurationName = Release;
		};
		966016271CB2ED6C00AAB661 /* Build configuration list for PBXNativeTarget "Material OSX Tests" */ = {
			isa = XCConfigurationList;
			buildConfigurations = (
				966016281CB2ED6C00AAB661 /* Debug */,
				966016291CB2ED6C00AAB661 /* Release */,
			);
			defaultConfigurationIsVisible = 0;
			defaultConfigurationName = Release;
		};
/* End XCConfigurationList section */
	};
	rootObject = 9638322D1B88DFD80015F710 /* Project object */;
}
